// !$*UTF8*$!
{
	archiveVersion = 1;
	classes = {
	};
	objectVersion = 56;
	objects = {

/* Begin PBXBuildFile section */
		291454FD2978AFB1005FD825 /* ColorSwitch.swift in Sources */ = {isa = PBXBuildFile; fileRef = 291454FC2978AFA7005FD825 /* ColorSwitch.swift */; };
		295695C42973C3FC0024A85F /* SwatchesViewController.swift in Sources */ = {isa = PBXBuildFile; fileRef = 295695C32973C3FC0024A85F /* SwatchesViewController.swift */; };
		297C835229747F6800703160 /* SwatchCell.swift in Sources */ = {isa = PBXBuildFile; fileRef = 297C835129747F6800703160 /* SwatchCell.swift */; };
		2994E083295A07CD00722665 /* AppDelegate.swift in Sources */ = {isa = PBXBuildFile; fileRef = 2994E082295A07CD00722665 /* AppDelegate.swift */; };
		2994E085295A07CD00722665 /* SceneDelegate.swift in Sources */ = {isa = PBXBuildFile; fileRef = 2994E084295A07CD00722665 /* SceneDelegate.swift */; };
		2994E08A295A07CD00722665 /* Main.storyboard in Resources */ = {isa = PBXBuildFile; fileRef = 2994E088295A07CD00722665 /* Main.storyboard */; };
		2994E08C295A07CE00722665 /* Assets.xcassets in Resources */ = {isa = PBXBuildFile; fileRef = 2994E08B295A07CE00722665 /* Assets.xcassets */; };
		299788F1296F82A200702107 /* ColorCalculations.swift in Sources */ = {isa = PBXBuildFile; fileRef = 299788F0296F82A200702107 /* ColorCalculations.swift */; };
		29A71716296F097200EB60BA /* ConvertViewController.swift in Sources */ = {isa = PBXBuildFile; fileRef = 29A71715296F097200EB60BA /* ConvertViewController.swift */; };
		29A71718296F27E200EB60BA /* PaddingTextField.swift in Sources */ = {isa = PBXBuildFile; fileRef = 29A71717296F27E200EB60BA /* PaddingTextField.swift */; };
		29A7171A296F306000EB60BA /* Enumerations.swift in Sources */ = {isa = PBXBuildFile; fileRef = 29A71719296F306000EB60BA /* Enumerations.swift */; };
		29AB719B29797E02001F0B36 /* CSVParser.swift in Sources */ = {isa = PBXBuildFile; fileRef = 29AB719A29797DC9001F0B36 /* CSVParser.swift */; };
		29AB719D29798CA6001F0B36 /* SavedCSVData.swift in Sources */ = {isa = PBXBuildFile; fileRef = 29AB719C29798C14001F0B36 /* SavedCSVData.swift */; };
		29AB71A029799E3C001F0B36 /* Pantone.csv in Resources */ = {isa = PBXBuildFile; fileRef = 29AB719E29799E3C001F0B36 /* Pantone.csv */; };
		29AB71A129799E3C001F0B36 /* Rosco.csv in Resources */ = {isa = PBXBuildFile; fileRef = 29AB719F29799E3C001F0B36 /* Rosco.csv */; };
		29AB71A4297A2912001F0B36 /* DevInfoViewController.swift in Sources */ = {isa = PBXBuildFile; fileRef = 29AB71A3297A2912001F0B36 /* DevInfoViewController.swift */; };
		29AB71A6297A2F11001F0B36 /* OnboardingViewController.swift in Sources */ = {isa = PBXBuildFile; fileRef = 29AB71A5297A2F11001F0B36 /* OnboardingViewController.swift */; };
		29D6D887295A1BFD0061FEF9 /* SettingsViewController.swift in Sources */ = {isa = PBXBuildFile; fileRef = 29D6D886295A1BFD0061FEF9 /* SettingsViewController.swift */; };
		29E4813C2970401200A25D69 /* SchemesViewController.swift in Sources */ = {isa = PBXBuildFile; fileRef = 29E4813B2970401200A25D69 /* SchemesViewController.swift */; };
		29E4813E29704E7B00A25D69 /* GlobalColor.swift in Sources */ = {isa = PBXBuildFile; fileRef = 29E4813D29704E7B00A25D69 /* GlobalColor.swift */; };
		29E4814029707A3100A25D69 /* SRCopyableLabel.swift in Sources */ = {isa = PBXBuildFile; fileRef = 29E4813F29707A3100A25D69 /* SRCopyableLabel.swift */; };
		29E481422970EDA900A25D69 /* SchemeCalculations.swift in Sources */ = {isa = PBXBuildFile; fileRef = 29E481412970EDA900A25D69 /* SchemeCalculations.swift */; };
		29E481462970F4CD00A25D69 /* ColorCell.swift in Sources */ = {isa = PBXBuildFile; fileRef = 29E481452970F4CD00A25D69 /* ColorCell.swift */; };
		29E481492971CF3300A25D69 /* LaunchScreen.storyboard in Resources */ = {isa = PBXBuildFile; fileRef = 29E481482971CF3300A25D69 /* LaunchScreen.storyboard */; };
/* End PBXBuildFile section */

/* Begin PBXFileReference section */
		291454FC2978AFA7005FD825 /* ColorSwitch.swift */ = {isa = PBXFileReference; lastKnownFileType = sourcecode.swift; path = ColorSwitch.swift; sourceTree = "<group>"; };
		295695C32973C3FC0024A85F /* SwatchesViewController.swift */ = {isa = PBXFileReference; lastKnownFileType = sourcecode.swift; path = SwatchesViewController.swift; sourceTree = "<group>"; };
		297C835129747F6800703160 /* SwatchCell.swift */ = {isa = PBXFileReference; lastKnownFileType = sourcecode.swift; path = SwatchCell.swift; sourceTree = "<group>"; };
		2994E07F295A07CD00722665 /* Chromi.app */ = {isa = PBXFileReference; explicitFileType = wrapper.application; includeInIndex = 0; path = Chromi.app; sourceTree = BUILT_PRODUCTS_DIR; };
		2994E082295A07CD00722665 /* AppDelegate.swift */ = {isa = PBXFileReference; lastKnownFileType = sourcecode.swift; path = AppDelegate.swift; sourceTree = "<group>"; };
		2994E084295A07CD00722665 /* SceneDelegate.swift */ = {isa = PBXFileReference; lastKnownFileType = sourcecode.swift; path = SceneDelegate.swift; sourceTree = "<group>"; };
		2994E089295A07CD00722665 /* Base */ = {isa = PBXFileReference; lastKnownFileType = file.storyboard; name = Base; path = Base.lproj/Main.storyboard; sourceTree = "<group>"; };
		2994E08B295A07CE00722665 /* Assets.xcassets */ = {isa = PBXFileReference; lastKnownFileType = folder.assetcatalog; name = Assets.xcassets; path = Chromi/Assets.xcassets; sourceTree = SOURCE_ROOT; };
		2994E090295A07CE00722665 /* Info.plist */ = {isa = PBXFileReference; lastKnownFileType = text.plist.xml; path = Info.plist; sourceTree = "<group>"; };
		299788F0296F82A200702107 /* ColorCalculations.swift */ = {isa = PBXFileReference; lastKnownFileType = sourcecode.swift; path = ColorCalculations.swift; sourceTree = "<group>"; };
		29A71715296F097200EB60BA /* ConvertViewController.swift */ = {isa = PBXFileReference; lastKnownFileType = sourcecode.swift; path = ConvertViewController.swift; sourceTree = "<group>"; };
		29A71717296F27E200EB60BA /* PaddingTextField.swift */ = {isa = PBXFileReference; lastKnownFileType = sourcecode.swift; path = PaddingTextField.swift; sourceTree = "<group>"; };
		29A71719296F306000EB60BA /* Enumerations.swift */ = {isa = PBXFileReference; lastKnownFileType = sourcecode.swift; path = Enumerations.swift; sourceTree = "<group>"; };
		29AB719A29797DC9001F0B36 /* CSVParser.swift */ = {isa = PBXFileReference; lastKnownFileType = sourcecode.swift; path = CSVParser.swift; sourceTree = "<group>"; };
		29AB719C29798C14001F0B36 /* SavedCSVData.swift */ = {isa = PBXFileReference; lastKnownFileType = sourcecode.swift; path = SavedCSVData.swift; sourceTree = "<group>"; };
		29AB719E29799E3C001F0B36 /* Pantone.csv */ = {isa = PBXFileReference; fileEncoding = 4; lastKnownFileType = text; path = Pantone.csv; sourceTree = "<group>"; };
		29AB719F29799E3C001F0B36 /* Rosco.csv */ = {isa = PBXFileReference; fileEncoding = 4; lastKnownFileType = text; path = Rosco.csv; sourceTree = "<group>"; };
		29AB71A3297A2912001F0B36 /* DevInfoViewController.swift */ = {isa = PBXFileReference; lastKnownFileType = sourcecode.swift; path = DevInfoViewController.swift; sourceTree = "<group>"; };
		29AB71A5297A2F11001F0B36 /* OnboardingViewController.swift */ = {isa = PBXFileReference; lastKnownFileType = sourcecode.swift; path = OnboardingViewController.swift; sourceTree = "<group>"; };
		29D6D886295A1BFD0061FEF9 /* SettingsViewController.swift */ = {isa = PBXFileReference; lastKnownFileType = sourcecode.swift; path = SettingsViewController.swift; sourceTree = "<group>"; };
		29E4813B2970401200A25D69 /* SchemesViewController.swift */ = {isa = PBXFileReference; lastKnownFileType = sourcecode.swift; path = SchemesViewController.swift; sourceTree = "<group>"; };
		29E4813D29704E7B00A25D69 /* GlobalColor.swift */ = {isa = PBXFileReference; lastKnownFileType = sourcecode.swift; path = GlobalColor.swift; sourceTree = "<group>"; };
		29E4813F29707A3100A25D69 /* SRCopyableLabel.swift */ = {isa = PBXFileReference; lastKnownFileType = sourcecode.swift; path = SRCopyableLabel.swift; sourceTree = "<group>"; };
		29E481412970EDA900A25D69 /* SchemeCalculations.swift */ = {isa = PBXFileReference; lastKnownFileType = sourcecode.swift; path = SchemeCalculations.swift; sourceTree = "<group>"; };
		29E481452970F4CD00A25D69 /* ColorCell.swift */ = {isa = PBXFileReference; lastKnownFileType = sourcecode.swift; path = ColorCell.swift; sourceTree = "<group>"; };
		29E481482971CF3300A25D69 /* LaunchScreen.storyboard */ = {isa = PBXFileReference; lastKnownFileType = file.storyboard; path = LaunchScreen.storyboard; sourceTree = "<group>"; };
		29E93B3729777B230085CBE9 /* TODO.md */ = {isa = PBXFileReference; lastKnownFileType = net.daringfireball.markdown; path = TODO.md; sourceTree = "<group>"; };
/* End PBXFileReference section */

/* Begin PBXFrameworksBuildPhase section */
		2994E07C295A07CD00722665 /* Frameworks */ = {
			isa = PBXFrameworksBuildPhase;
			buildActionMask = 2147483647;
			files = (
			);
			runOnlyForDeploymentPostprocessing = 0;
		};
/* End PBXFrameworksBuildPhase section */

/* Begin PBXGroup section */
		295A0F8729770A9600E5C796 /* Calculators */ = {
			isa = PBXGroup;
			children = (
				299788F0296F82A200702107 /* ColorCalculations.swift */,
				29E481412970EDA900A25D69 /* SchemeCalculations.swift */,
			);
			path = Calculators;
			sourceTree = "<group>";
		};
		2994E076295A07CD00722665 = {
			isa = PBXGroup;
			children = (
				29E93B3729777B230085CBE9 /* TODO.md */,
				2994E081295A07CD00722665 /* Chromi */,
				2994E080295A07CD00722665 /* Products */,
			);
			sourceTree = "<group>";
		};
		2994E080295A07CD00722665 /* Products */ = {
			isa = PBXGroup;
			children = (
				2994E07F295A07CD00722665 /* Chromi.app */,
			);
			name = Products;
			sourceTree = "<group>";
		};
		2994E081295A07CD00722665 /* Chromi */ = {
			isa = PBXGroup;
			children = (
				29AB71A229799E49001F0B36 /* Data */,
				295A0F8729770A9600E5C796 /* Calculators */,
				29E481472970F63000A25D69 /* Controllers */,
				2994E088295A07CD00722665 /* Main.storyboard */,
				29E481482971CF3300A25D69 /* LaunchScreen.storyboard */,
				2994E082295A07CD00722665 /* AppDelegate.swift */,
				2994E084295A07CD00722665 /* SceneDelegate.swift */,
				29E4813D29704E7B00A25D69 /* GlobalColor.swift */,
				29E481452970F4CD00A25D69 /* ColorCell.swift */,
				297C835129747F6800703160 /* SwatchCell.swift */,
				29AB719A29797DC9001F0B36 /* CSVParser.swift */,
				29AB719C29798C14001F0B36 /* SavedCSVData.swift */,
				29E4813F29707A3100A25D69 /* SRCopyableLabel.swift */,
				291454FC2978AFA7005FD825 /* ColorSwitch.swift */,
				29A71719296F306000EB60BA /* Enumerations.swift */,
				29A71717296F27E200EB60BA /* PaddingTextField.swift */,
				2994E08B295A07CE00722665 /* Assets.xcassets */,
				2994E090295A07CE00722665 /* Info.plist */,
			);
			path = Chromi;
			sourceTree = "<group>";
		};
		29AB71A229799E49001F0B36 /* Data */ = {
			isa = PBXGroup;
			children = (
				29AB719E29799E3C001F0B36 /* Pantone.csv */,
				29AB719F29799E3C001F0B36 /* Rosco.csv */,
			);
			path = Data;
			sourceTree = "<group>";
		};
		29E481472970F63000A25D69 /* Controllers */ = {
			isa = PBXGroup;
			children = (
				29A71715296F097200EB60BA /* ConvertViewController.swift */,
				29E4813B2970401200A25D69 /* SchemesViewController.swift */,
				295695C32973C3FC0024A85F /* SwatchesViewController.swift */,
				29D6D886295A1BFD0061FEF9 /* SettingsViewController.swift */,
				29AB71A3297A2912001F0B36 /* DevInfoViewController.swift */,
				29AB71A5297A2F11001F0B36 /* OnboardingViewController.swift */,
			);
			path = Controllers;
			sourceTree = "<group>";
		};
/* End PBXGroup section */

/* Begin PBXNativeTarget section */
		2994E07E295A07CD00722665 /* Chromi */ = {
			isa = PBXNativeTarget;
			buildConfigurationList = 2994E093295A07CE00722665 /* Build configuration list for PBXNativeTarget "Chromi" */;
			buildPhases = (
				2994E07B295A07CD00722665 /* Sources */,
				2994E07C295A07CD00722665 /* Frameworks */,
				2994E07D295A07CD00722665 /* Resources */,
			);
			buildRules = (
			);
			dependencies = (
			);
			name = Chromi;
			productName = Chromi;
			productReference = 2994E07F295A07CD00722665 /* Chromi.app */;
			productType = "com.apple.product-type.application";
		};
/* End PBXNativeTarget section */

/* Begin PBXProject section */
		2994E077295A07CD00722665 /* Project object */ = {
			isa = PBXProject;
			attributes = {
				BuildIndependentTargetsInParallel = 1;
				LastSwiftUpdateCheck = 1420;
				LastUpgradeCheck = 1420;
				TargetAttributes = {
					2994E07E295A07CD00722665 = {
						CreatedOnToolsVersion = 14.2;
					};
				};
			};
			buildConfigurationList = 2994E07A295A07CD00722665 /* Build configuration list for PBXProject "Chromi" */;
			compatibilityVersion = "Xcode 14.0";
			developmentRegion = en;
			hasScannedForEncodings = 0;
			knownRegions = (
				en,
				Base,
			);
			mainGroup = 2994E076295A07CD00722665;
			productRefGroup = 2994E080295A07CD00722665 /* Products */;
			projectDirPath = "";
			projectRoot = "";
			targets = (
				2994E07E295A07CD00722665 /* Chromi */,
			);
		};
/* End PBXProject section */

/* Begin PBXResourcesBuildPhase section */
		2994E07D295A07CD00722665 /* Resources */ = {
			isa = PBXResourcesBuildPhase;
			buildActionMask = 2147483647;
			files = (
				2994E08C295A07CE00722665 /* Assets.xcassets in Resources */,
				29AB71A129799E3C001F0B36 /* Rosco.csv in Resources */,
				29E481492971CF3300A25D69 /* LaunchScreen.storyboard in Resources */,
				29AB71A029799E3C001F0B36 /* Pantone.csv in Resources */,
				2994E08A295A07CD00722665 /* Main.storyboard in Resources */,
			);
			runOnlyForDeploymentPostprocessing = 0;
		};
/* End PBXResourcesBuildPhase section */

/* Begin PBXSourcesBuildPhase section */
		2994E07B295A07CD00722665 /* Sources */ = {
			isa = PBXSourcesBuildPhase;
			buildActionMask = 2147483647;
			files = (
				29AB71A4297A2912001F0B36 /* DevInfoViewController.swift in Sources */,
				29A7171A296F306000EB60BA /* Enumerations.swift in Sources */,
				291454FD2978AFB1005FD825 /* ColorSwitch.swift in Sources */,
				295695C42973C3FC0024A85F /* SwatchesViewController.swift in Sources */,
				29AB71A6297A2F11001F0B36 /* OnboardingViewController.swift in Sources */,
				29AB719D29798CA6001F0B36 /* SavedCSVData.swift in Sources */,
				29AB719B29797E02001F0B36 /* CSVParser.swift in Sources */,
				299788F1296F82A200702107 /* ColorCalculations.swift in Sources */,
				29E4814029707A3100A25D69 /* SRCopyableLabel.swift in Sources */,
				297C835229747F6800703160 /* SwatchCell.swift in Sources */,
				29E481422970EDA900A25D69 /* SchemeCalculations.swift in Sources */,
				29E4813C2970401200A25D69 /* SchemesViewController.swift in Sources */,
				29A71718296F27E200EB60BA /* PaddingTextField.swift in Sources */,
				2994E083295A07CD00722665 /* AppDelegate.swift in Sources */,
				29E481462970F4CD00A25D69 /* ColorCell.swift in Sources */,
				29A71716296F097200EB60BA /* ConvertViewController.swift in Sources */,
				2994E085295A07CD00722665 /* SceneDelegate.swift in Sources */,
				29E4813E29704E7B00A25D69 /* GlobalColor.swift in Sources */,
				29D6D887295A1BFD0061FEF9 /* SettingsViewController.swift in Sources */,
			);
			runOnlyForDeploymentPostprocessing = 0;
		};
/* End PBXSourcesBuildPhase section */

/* Begin PBXVariantGroup section */
		2994E088295A07CD00722665 /* Main.storyboard */ = {
			isa = PBXVariantGroup;
			children = (
				2994E089295A07CD00722665 /* Base */,
			);
			name = Main.storyboard;
			sourceTree = "<group>";
		};
/* End PBXVariantGroup section */

/* Begin XCBuildConfiguration section */
		2994E091295A07CE00722665 /* Debug */ = {
			isa = XCBuildConfiguration;
			buildSettings = {
				ALWAYS_SEARCH_USER_PATHS = NO;
				CLANG_ANALYZER_NONNULL = YES;
				CLANG_ANALYZER_NUMBER_OBJECT_CONVERSION = YES_AGGRESSIVE;
				CLANG_CXX_LANGUAGE_STANDARD = "gnu++20";
				CLANG_ENABLE_MODULES = YES;
				CLANG_ENABLE_OBJC_ARC = YES;
				CLANG_ENABLE_OBJC_WEAK = YES;
				CLANG_WARN_BLOCK_CAPTURE_AUTORELEASING = YES;
				CLANG_WARN_BOOL_CONVERSION = YES;
				CLANG_WARN_COMMA = YES;
				CLANG_WARN_CONSTANT_CONVERSION = YES;
				CLANG_WARN_DEPRECATED_OBJC_IMPLEMENTATIONS = YES;
				CLANG_WARN_DIRECT_OBJC_ISA_USAGE = YES_ERROR;
				CLANG_WARN_DOCUMENTATION_COMMENTS = YES;
				CLANG_WARN_EMPTY_BODY = YES;
				CLANG_WARN_ENUM_CONVERSION = YES;
				CLANG_WARN_INFINITE_RECURSION = YES;
				CLANG_WARN_INT_CONVERSION = YES;
				CLANG_WARN_NON_LITERAL_NULL_CONVERSION = YES;
				CLANG_WARN_OBJC_IMPLICIT_RETAIN_SELF = YES;
				CLANG_WARN_OBJC_LITERAL_CONVERSION = YES;
				CLANG_WARN_OBJC_ROOT_CLASS = YES_ERROR;
				CLANG_WARN_QUOTED_INCLUDE_IN_FRAMEWORK_HEADER = YES;
				CLANG_WARN_RANGE_LOOP_ANALYSIS = YES;
				CLANG_WARN_STRICT_PROTOTYPES = YES;
				CLANG_WARN_SUSPICIOUS_MOVE = YES;
				CLANG_WARN_UNGUARDED_AVAILABILITY = YES_AGGRESSIVE;
				CLANG_WARN_UNREACHABLE_CODE = YES;
				CLANG_WARN__DUPLICATE_METHOD_MATCH = YES;
				COPY_PHASE_STRIP = NO;
				DEBUG_INFORMATION_FORMAT = dwarf;
				ENABLE_STRICT_OBJC_MSGSEND = YES;
				ENABLE_TESTABILITY = YES;
				GCC_C_LANGUAGE_STANDARD = gnu11;
				GCC_DYNAMIC_NO_PIC = NO;
				GCC_NO_COMMON_BLOCKS = YES;
				GCC_OPTIMIZATION_LEVEL = 0;
				GCC_PREPROCESSOR_DEFINITIONS = (
					"DEBUG=1",
					"$(inherited)",
				);
				GCC_WARN_64_TO_32_BIT_CONVERSION = YES;
				GCC_WARN_ABOUT_RETURN_TYPE = YES_ERROR;
				GCC_WARN_UNDECLARED_SELECTOR = YES;
				GCC_WARN_UNINITIALIZED_AUTOS = YES_AGGRESSIVE;
				GCC_WARN_UNUSED_FUNCTION = YES;
				GCC_WARN_UNUSED_VARIABLE = YES;
				IPHONEOS_DEPLOYMENT_TARGET = 16.2;
				MTL_ENABLE_DEBUG_INFO = INCLUDE_SOURCE;
				MTL_FAST_MATH = YES;
				ONLY_ACTIVE_ARCH = YES;
				SDKROOT = iphoneos;
				SWIFT_ACTIVE_COMPILATION_CONDITIONS = DEBUG;
				SWIFT_OPTIMIZATION_LEVEL = "-Onone";
			};
			name = Debug;
		};
		2994E092295A07CE00722665 /* Release */ = {
			isa = XCBuildConfiguration;
			buildSettings = {
				ALWAYS_SEARCH_USER_PATHS = NO;
				CLANG_ANALYZER_NONNULL = YES;
				CLANG_ANALYZER_NUMBER_OBJECT_CONVERSION = YES_AGGRESSIVE;
				CLANG_CXX_LANGUAGE_STANDARD = "gnu++20";
				CLANG_ENABLE_MODULES = YES;
				CLANG_ENABLE_OBJC_ARC = YES;
				CLANG_ENABLE_OBJC_WEAK = YES;
				CLANG_WARN_BLOCK_CAPTURE_AUTORELEASING = YES;
				CLANG_WARN_BOOL_CONVERSION = YES;
				CLANG_WARN_COMMA = YES;
				CLANG_WARN_CONSTANT_CONVERSION = YES;
				CLANG_WARN_DEPRECATED_OBJC_IMPLEMENTATIONS = YES;
				CLANG_WARN_DIRECT_OBJC_ISA_USAGE = YES_ERROR;
				CLANG_WARN_DOCUMENTATION_COMMENTS = YES;
				CLANG_WARN_EMPTY_BODY = YES;
				CLANG_WARN_ENUM_CONVERSION = YES;
				CLANG_WARN_INFINITE_RECURSION = YES;
				CLANG_WARN_INT_CONVERSION = YES;
				CLANG_WARN_NON_LITERAL_NULL_CONVERSION = YES;
				CLANG_WARN_OBJC_IMPLICIT_RETAIN_SELF = YES;
				CLANG_WARN_OBJC_LITERAL_CONVERSION = YES;
				CLANG_WARN_OBJC_ROOT_CLASS = YES_ERROR;
				CLANG_WARN_QUOTED_INCLUDE_IN_FRAMEWORK_HEADER = YES;
				CLANG_WARN_RANGE_LOOP_ANALYSIS = YES;
				CLANG_WARN_STRICT_PROTOTYPES = YES;
				CLANG_WARN_SUSPICIOUS_MOVE = YES;
				CLANG_WARN_UNGUARDED_AVAILABILITY = YES_AGGRESSIVE;
				CLANG_WARN_UNREACHABLE_CODE = YES;
				CLANG_WARN__DUPLICATE_METHOD_MATCH = YES;
				COPY_PHASE_STRIP = NO;
				DEBUG_INFORMATION_FORMAT = "dwarf-with-dsym";
				ENABLE_NS_ASSERTIONS = NO;
				ENABLE_STRICT_OBJC_MSGSEND = YES;
				GCC_C_LANGUAGE_STANDARD = gnu11;
				GCC_NO_COMMON_BLOCKS = YES;
				GCC_WARN_64_TO_32_BIT_CONVERSION = YES;
				GCC_WARN_ABOUT_RETURN_TYPE = YES_ERROR;
				GCC_WARN_UNDECLARED_SELECTOR = YES;
				GCC_WARN_UNINITIALIZED_AUTOS = YES_AGGRESSIVE;
				GCC_WARN_UNUSED_FUNCTION = YES;
				GCC_WARN_UNUSED_VARIABLE = YES;
				IPHONEOS_DEPLOYMENT_TARGET = 16.2;
				MTL_ENABLE_DEBUG_INFO = NO;
				MTL_FAST_MATH = YES;
				SDKROOT = iphoneos;
				SWIFT_COMPILATION_MODE = wholemodule;
				SWIFT_OPTIMIZATION_LEVEL = "-O";
				VALIDATE_PRODUCT = YES;
			};
			name = Release;
		};
		2994E094295A07CE00722665 /* Debug */ = {
			isa = XCBuildConfiguration;
			buildSettings = {
				ASSETCATALOG_COMPILER_APPICON_NAME = AppIconBlack;
				ASSETCATALOG_COMPILER_GLOBAL_ACCENT_COLOR_NAME = AccentColor;
				CODE_SIGN_STYLE = Automatic;
				CURRENT_PROJECT_VERSION = 1;
				DEVELOPMENT_TEAM = B5DRZZA996;
				GENERATE_INFOPLIST_FILE = YES;
				INFOPLIST_FILE = Chromi/Info.plist;
				INFOPLIST_KEY_CFBundleDisplayName = Chromi;
				INFOPLIST_KEY_UIApplicationSupportsIndirectInputEvents = YES;
				INFOPLIST_KEY_UILaunchStoryboardName = LaunchScreen.storyboard;
				INFOPLIST_KEY_UIMainStoryboardFile = Main;
				INFOPLIST_KEY_UISupportedInterfaceOrientations = UIInterfaceOrientationPortrait;
				LD_RUNPATH_SEARCH_PATHS = (
					"$(inherited)",
					"@executable_path/Frameworks",
				);
				MARKETING_VERSION = 1.0;
				PRODUCT_BUNDLE_IDENTIFIER = ConradUX.Chromi;
				PRODUCT_NAME = "$(TARGET_NAME)";
				SUPPORTED_PLATFORMS = "iphoneos iphonesimulator";
				SUPPORTS_MACCATALYST = NO;
				SUPPORTS_MAC_DESIGNED_FOR_IPHONE_IPAD = YES;
				SWIFT_EMIT_LOC_STRINGS = YES;
				SWIFT_VERSION = 5.0;
				TARGETED_DEVICE_FAMILY = 1;
			};
			name = Debug;
		};
		2994E095295A07CE00722665 /* Release */ = {
			isa = XCBuildConfiguration;
			buildSettings = {
				ASSETCATALOG_COMPILER_APPICON_NAME = AppIconBlack;
				ASSETCATALOG_COMPILER_GLOBAL_ACCENT_COLOR_NAME = AccentColor;
				CODE_SIGN_STYLE = Automatic;
				CURRENT_PROJECT_VERSION = 1;
				DEVELOPMENT_TEAM = B5DRZZA996;
				GENERATE_INFOPLIST_FILE = YES;
				INFOPLIST_FILE = Chromi/Info.plist;
				INFOPLIST_KEY_CFBundleDisplayName = Chromi;
				INFOPLIST_KEY_UIApplicationSupportsIndirectInputEvents = YES;
				INFOPLIST_KEY_UILaunchStoryboardName = LaunchScreen.storyboard;
				INFOPLIST_KEY_UIMainStoryboardFile = Main;
				INFOPLIST_KEY_UISupportedInterfaceOrientations = UIInterfaceOrientationPortrait;
				LD_RUNPATH_SEARCH_PATHS = (
					"$(inherited)",
					"@executable_path/Frameworks",
				);
				MARKETING_VERSION = 1.0;
				PRODUCT_BUNDLE_IDENTIFIER = ConradUX.Chromi;
				PRODUCT_NAME = "$(TARGET_NAME)";
				SUPPORTED_PLATFORMS = "iphoneos iphonesimulator";
				SUPPORTS_MACCATALYST = NO;
				SUPPORTS_MAC_DESIGNED_FOR_IPHONE_IPAD = YES;
				SWIFT_EMIT_LOC_STRINGS = YES;
				SWIFT_VERSION = 5.0;
				TARGETED_DEVICE_FAMILY = 1;
			};
			name = Release;
		};
/* End XCBuildConfiguration section */

/* Begin XCConfigurationList section */
		2994E07A295A07CD00722665 /* Build configuration list for PBXProject "Chromi" */ = {
			isa = XCConfigurationList;
			buildConfigurations = (
				2994E091295A07CE00722665 /* Debug */,
				2994E092295A07CE00722665 /* Release */,
			);
			defaultConfigurationIsVisible = 0;
			defaultConfigurationName = Release;
		};
		2994E093295A07CE00722665 /* Build configuration list for PBXNativeTarget "Chromi" */ = {
			isa = XCConfigurationList;
			buildConfigurations = (
				2994E094295A07CE00722665 /* Debug */,
				2994E095295A07CE00722665 /* Release */,
			);
			defaultConfigurationIsVisible = 0;
			defaultConfigurationName = Release;
		};
/* End XCConfigurationList section */
	};
	rootObject = 2994E077295A07CD00722665 /* Project object */;
}
